<?xml version="1.0" encoding="utf-8"?>
<Project ToolsVersion="4.0" xmlns="http://schemas.microsoft.com/developer/msbuild/2003">
  <ItemGroup>
    <Filter Include="源文件">
      <UniqueIdentifier>{4FC737F1-C7A5-4376-A066-2A32D752A2FF}</UniqueIdentifier>
      <Extensions>cpp;c;cc;cxx;def;odl;idl;hpj;bat;asm;asmx</Extensions>
    </Filter>
    <Filter Include="头文件">
      <UniqueIdentifier>{93995380-89BD-4b04-88EB-625FBE52EBFB}</UniqueIdentifier>
      <Extensions>h;hh;hpp;hxx;hm;inl;inc;xsd</Extensions>
    </Filter>
    <Filter Include="资源文件">
      <UniqueIdentifier>{67DA6AB6-F800-4c08-8B7A-83BB121AAD01}</UniqueIdentifier>
      <Extensions>rc;ico;cur;bmp;dlg;rc2;rct;bin;rgs;gif;jpg;jpeg;jpe;resx;tiff;tif;png;wav;mfcribbon-ms</Extensions>
    </Filter>
  </ItemGroup>
  <ItemGroup>
    <ClInclude Include="DataPoolImpl.h">
      <Filter>头文件</Filter>
    </ClInclude>
    <ClInclude Include="DEDeclaration.h">
      <Filter>头文件</Filter>
    </ClInclude>
    <ClInclude Include="DayTickCountDataEntry.h">
      <Filter>头文件</Filter>
    </ClInclude>
    <ClInclude Include="NetworkTimeDataEntry.h">
      <Filter>头文件</Filter>
    </ClInclude>
    <ClInclude Include="TimeRingNotifyDataEntry.h">
      <Filter>头文件</Filter>
    </ClInclude>
    <ClInclude Include="MainConfigInfoDataEntry.h">
      <Filter>头文件</Filter>
    </ClInclude>
    <ClInclude Include="FNImportDeclaration.h">
      <Filter>头文件</Filter>
    </ClInclude>
    <ClInclude Include="ProcDbgStream.h">
      <Filter>头文件</Filter>
    </ClInclude>
    <ClInclude Include="DebugStreamInfoDataEntry.h">
      <Filter>头文件</Filter>
    </ClInclude>
  </ItemGroup>
  <ItemGroup>
    <ClCompile Include="DataPoolImpl.C">
      <Filter>源文件</Filter>
    </ClCompile>
    <ClCompile Include="DayTickCountDataEntry.C">
      <Filter>源文件</Filter>
    </ClCompile>
    <ClCompile Include="NetworkTimeDataEntry.C">
      <Filter>源文件</Filter>
    </ClCompile>
    <ClCompile Include="TimeRingNotifyDataEntry.C">
      <Filter>源文件</Filter>
    </ClCompile>
    <ClCompile Include="MainConfigInfoDataEntry.C">
      <Filter>源文件</Filter>
    </ClCompile>
    <ClCompile Include="ProcDbgStream.C">
      <Filter>源文件</Filter>
    </ClCompile>
    <ClCompile Include="DebugStreamInfoDataEntry.C">
      <Filter>源文件</Filter>
    </ClCompile>
  </ItemGroup>
  <ItemGroup>
    <None Include="DataPoolImpl.def">
      <Filter>头文件</Filter>
    </None>
  </ItemGroup>
</Project>